// !$*UTF8*$!
{
	archiveVersion = 1;
	classes = {
	};
	objectVersion = 55;
	objects = {

/* Begin PBXBuildFile section */
		CE30DB4C28A10743007F4DC0 /* AppDelegate.swift in Sources */ = {isa = PBXBuildFile; fileRef = CE30DB4B28A10743007F4DC0 /* AppDelegate.swift */; };
		CE30DB4E28A10743007F4DC0 /* SceneDelegate.swift in Sources */ = {isa = PBXBuildFile; fileRef = CE30DB4D28A10743007F4DC0 /* SceneDelegate.swift */; };
		CE30DB5528A10746007F4DC0 /* Assets.xcassets in Resources */ = {isa = PBXBuildFile; fileRef = CE30DB5428A10746007F4DC0 /* Assets.xcassets */; };
		CE30DB5828A10746007F4DC0 /* LaunchScreen.storyboard in Resources */ = {isa = PBXBuildFile; fileRef = CE30DB5628A10746007F4DC0 /* LaunchScreen.storyboard */; };
		CE30DB6128A10A4D007F4DC0 /* MapViewController.swift in Sources */ = {isa = PBXBuildFile; fileRef = CE30DB5F28A10A4D007F4DC0 /* MapViewController.swift */; };
		CE30DB6228A10A4D007F4DC0 /* MapViewController.xib in Resources */ = {isa = PBXBuildFile; fileRef = CE30DB6028A10A4D007F4DC0 /* MapViewController.xib */; };
		CE3F868128A39BBE00F59D39 /* PlaceDetailsResponse.swift in Sources */ = {isa = PBXBuildFile; fileRef = CE3F868028A39BBE00F59D39 /* PlaceDetailsResponse.swift */; };
		CE3F868428A3A2E800F59D39 /* NetworkError.swift in Sources */ = {isa = PBXBuildFile; fileRef = CE3F868328A3A2E800F59D39 /* NetworkError.swift */; };
		CE5D7BF628A275A200F7CEE9 /* NetworkManager.swift in Sources */ = {isa = PBXBuildFile; fileRef = CE5D7BF528A275A200F7CEE9 /* NetworkManager.swift */; };
		CE5D7BF928A275D400F7CEE9 /* PlaceListResponse.swift in Sources */ = {isa = PBXBuildFile; fileRef = CE5D7BF828A275D400F7CEE9 /* PlaceListResponse.swift */; };
		CE7F4C6A28A645CD001EA9C6 /* APIKeys.swift in Sources */ = {isa = PBXBuildFile; fileRef = CE7F4C6928A645CD001EA9C6 /* APIKeys.swift */; };
		CE7F4C6D28A651CE001EA9C6 /* UIViewController+Extensions.swift in Sources */ = {isa = PBXBuildFile; fileRef = CE7F4C6C28A651CE001EA9C6 /* UIViewController+Extensions.swift */; };
		CE7F4C6F28A6574E001EA9C6 /* UIApplication+Extensions.swift in Sources */ = {isa = PBXBuildFile; fileRef = CE7F4C6E28A6574E001EA9C6 /* UIApplication+Extensions.swift */; };
		CE7F4C7128A676AB001EA9C6 /* UIView+Extensions.swift in Sources */ = {isa = PBXBuildFile; fileRef = CE7F4C7028A676AB001EA9C6 /* UIView+Extensions.swift */; };
/* End PBXBuildFile section */

/* Begin PBXFileReference section */
		6367C7993C93751E5F3B5890 /* Pods-NearbyCafe.release.xcconfig */ = {isa = PBXFileReference; includeInIndex = 1; lastKnownFileType = text.xcconfig; name = "Pods-NearbyCafe.release.xcconfig"; path = "Target Support Files/Pods-NearbyCafe/Pods-NearbyCafe.release.xcconfig"; sourceTree = "<group>"; };
		CD25C114E374F8913CFE7737 /* Pods-NearbyCafe.debug.xcconfig */ = {isa = PBXFileReference; includeInIndex = 1; lastKnownFileType = text.xcconfig; name = "Pods-NearbyCafe.debug.xcconfig"; path = "Target Support Files/Pods-NearbyCafe/Pods-NearbyCafe.debug.xcconfig"; sourceTree = "<group>"; };
		CE30DB4828A10743007F4DC0 /* NearbyCafe.app */ = {isa = PBXFileReference; explicitFileType = wrapper.application; includeInIndex = 0; path = NearbyCafe.app; sourceTree = BUILT_PRODUCTS_DIR; };
		CE30DB4B28A10743007F4DC0 /* AppDelegate.swift */ = {isa = PBXFileReference; lastKnownFileType = sourcecode.swift; path = AppDelegate.swift; sourceTree = "<group>"; };
		CE30DB4D28A10743007F4DC0 /* SceneDelegate.swift */ = {isa = PBXFileReference; lastKnownFileType = sourcecode.swift; path = SceneDelegate.swift; sourceTree = "<group>"; };
		CE30DB5428A10746007F4DC0 /* Assets.xcassets */ = {isa = PBXFileReference; lastKnownFileType = folder.assetcatalog; path = Assets.xcassets; sourceTree = "<group>"; };
		CE30DB5728A10746007F4DC0 /* Base */ = {isa = PBXFileReference; lastKnownFileType = file.storyboard; name = Base; path = Base.lproj/LaunchScreen.storyboard; sourceTree = "<group>"; };
		CE30DB5928A10746007F4DC0 /* Info.plist */ = {isa = PBXFileReference; lastKnownFileType = text.plist.xml; path = Info.plist; sourceTree = "<group>"; };
		CE30DB5F28A10A4D007F4DC0 /* MapViewController.swift */ = {isa = PBXFileReference; lastKnownFileType = sourcecode.swift; path = MapViewController.swift; sourceTree = "<group>"; };
		CE30DB6028A10A4D007F4DC0 /* MapViewController.xib */ = {isa = PBXFileReference; lastKnownFileType = file.xib; path = MapViewController.xib; sourceTree = "<group>"; };
		CE3F868028A39BBE00F59D39 /* PlaceDetailsResponse.swift */ = {isa = PBXFileReference; lastKnownFileType = sourcecode.swift; path = PlaceDetailsResponse.swift; sourceTree = "<group>"; };
		CE3F868328A3A2E800F59D39 /* NetworkError.swift */ = {isa = PBXFileReference; lastKnownFileType = sourcecode.swift; path = NetworkError.swift; sourceTree = "<group>"; };
		CE5D7BF528A275A200F7CEE9 /* NetworkManager.swift */ = {isa = PBXFileReference; lastKnownFileType = sourcecode.swift; path = NetworkManager.swift; sourceTree = "<group>"; };
		CE5D7BF828A275D400F7CEE9 /* PlaceListResponse.swift */ = {isa = PBXFileReference; lastKnownFileType = sourcecode.swift; path = PlaceListResponse.swift; sourceTree = "<group>"; };
		CE7F4C6928A645CD001EA9C6 /* APIKeys.swift */ = {isa = PBXFileReference; lastKnownFileType = sourcecode.swift; path = APIKeys.swift; sourceTree = "<group>"; };
		CE7F4C6C28A651CE001EA9C6 /* UIViewController+Extensions.swift */ = {isa = PBXFileReference; lastKnownFileType = sourcecode.swift; path = "UIViewController+Extensions.swift"; sourceTree = "<group>"; };
		CE7F4C6E28A6574E001EA9C6 /* UIApplication+Extensions.swift */ = {isa = PBXFileReference; lastKnownFileType = sourcecode.swift; path = "UIApplication+Extensions.swift"; sourceTree = "<group>"; };
		CE7F4C7028A676AB001EA9C6 /* UIView+Extensions.swift */ = {isa = PBXFileReference; lastKnownFileType = sourcecode.swift; path = "UIView+Extensions.swift"; sourceTree = "<group>"; };
/* End PBXFileReference section */

/* Begin PBXFrameworksBuildPhase section */
		CE30DB4528A10743007F4DC0 /* Frameworks */ = {
			isa = PBXFrameworksBuildPhase;
			buildActionMask = 2147483647;
			files = (
			);
			runOnlyForDeploymentPostprocessing = 0;
		};
/* End PBXFrameworksBuildPhase section */

/* Begin PBXGroup section */
		41657948D595E90A14870FE9 /* Frameworks */ = {
			isa = PBXGroup;
			children = (
			);
			name = Frameworks;
			sourceTree = "<group>";
		};
		9B44A8DA4B5B7CEAEE3BB05C /* Pods */ = {
			isa = PBXGroup;
			children = (
				CD25C114E374F8913CFE7737 /* Pods-NearbyCafe.debug.xcconfig */,
				6367C7993C93751E5F3B5890 /* Pods-NearbyCafe.release.xcconfig */,
			);
			path = Pods;
			sourceTree = "<group>";
		};
		CE30DB3F28A10743007F4DC0 = {
			isa = PBXGroup;
			children = (
				CE30DB4A28A10743007F4DC0 /* NearbyCafe */,
				CE30DB4928A10743007F4DC0 /* Products */,
				9B44A8DA4B5B7CEAEE3BB05C /* Pods */,
				41657948D595E90A14870FE9 /* Frameworks */,
			);
			sourceTree = "<group>";
		};
		CE30DB4928A10743007F4DC0 /* Products */ = {
			isa = PBXGroup;
			children = (
				CE30DB4828A10743007F4DC0 /* NearbyCafe.app */,
			);
			name = Products;
			sourceTree = "<group>";
		};
		CE30DB4A28A10743007F4DC0 /* NearbyCafe */ = {
			isa = PBXGroup;
			children = (
				CE7F4C5E28A634EC001EA9C6 /* Application */,
				CE7F4C5F28A6351E001EA9C6 /* Modules */,
				CE7F4C6628A63811001EA9C6 /* Managers */,
				CE7F4C6B28A64F78001EA9C6 /* Extensions */,
				CE3F868228A3A2CB00F59D39 /* Utilities */,
				CE30DB6428A10BB0007F4DC0 /* Support Files */,
				CE30DB5928A10746007F4DC0 /* Info.plist */,
			);
			path = NearbyCafe;
			sourceTree = "<group>";
		};
		CE30DB6428A10BB0007F4DC0 /* Support Files */ = {
			isa = PBXGroup;
			children = (
				CE30DB5428A10746007F4DC0 /* Assets.xcassets */,
				CE30DB5628A10746007F4DC0 /* LaunchScreen.storyboard */,
			);
			path = "Support Files";
			sourceTree = "<group>";
		};
		CE3F868228A3A2CB00F59D39 /* Utilities */ = {
			isa = PBXGroup;
			children = (
				CE3F868328A3A2E800F59D39 /* NetworkError.swift */,
				CE7F4C6928A645CD001EA9C6 /* APIKeys.swift */,
			);
			path = Utilities;
			sourceTree = "<group>";
		};
		CE5D7BF428A2758000F7CEE9 /* NetworkManager */ = {
			isa = PBXGroup;
			children = (
				CE5D7BF528A275A200F7CEE9 /* NetworkManager.swift */,
			);
			path = NetworkManager;
			sourceTree = "<group>";
		};
		CE7F4C5E28A634EC001EA9C6 /* Application */ = {
			isa = PBXGroup;
			children = (
				CE30DB4D28A10743007F4DC0 /* SceneDelegate.swift */,
				CE30DB4B28A10743007F4DC0 /* AppDelegate.swift */,
			);
			path = Application;
			sourceTree = "<group>";
		};
		CE7F4C5F28A6351E001EA9C6 /* Modules */ = {
			isa = PBXGroup;
			children = (
				CE7F4C6028A63530001EA9C6 /* Map */,
			);
			path = Modules;
			sourceTree = "<group>";
		};
		CE7F4C6028A63530001EA9C6 /* Map */ = {
			isa = PBXGroup;
			children = (
				CE7F4C6528A63615001EA9C6 /* CustomUI */,
				CE7F4C6328A63587001EA9C6 /* Model */,
				CE7F4C6228A63543001EA9C6 /* Controller */,
				CE7F4C6128A63538001EA9C6 /* View */,
			);
			path = Map;
			sourceTree = "<group>";
		};
		CE7F4C6128A63538001EA9C6 /* View */ = {
			isa = PBXGroup;
			children = (
				CE30DB6028A10A4D007F4DC0 /* MapViewController.xib */,
			);
			path = View;
			sourceTree = "<group>";
		};
		CE7F4C6228A63543001EA9C6 /* Controller */ = {
			isa = PBXGroup;
			children = (
				CE30DB5F28A10A4D007F4DC0 /* MapViewController.swift */,
			);
			path = Controller;
			sourceTree = "<group>";
		};
		CE7F4C6328A63587001EA9C6 /* Model */ = {
			isa = PBXGroup;
			children = (
				CE5D7BF828A275D400F7CEE9 /* PlaceListResponse.swift */,
				CE3F868028A39BBE00F59D39 /* PlaceDetailsResponse.swift */,
			);
			path = Model;
			sourceTree = "<group>";
		};
		CE7F4C6528A63615001EA9C6 /* CustomUI */ = {
			isa = PBXGroup;
			children = (
			);
			path = CustomUI;
			sourceTree = "<group>";
		};
		CE7F4C6628A63811001EA9C6 /* Managers */ = {
			isa = PBXGroup;
			children = (
				CE7F4C6828A63877001EA9C6 /* LocationManager */,
				CE7F4C6728A63836001EA9C6 /* GoogleServicesManager */,
				CE5D7BF428A2758000F7CEE9 /* NetworkManager */,
			);
			path = Managers;
			sourceTree = "<group>";
		};
		CE7F4C6728A63836001EA9C6 /* GoogleServicesManager */ = {
			isa = PBXGroup;
			children = (
			);
			path = GoogleServicesManager;
			sourceTree = "<group>";
		};
		CE7F4C6828A63877001EA9C6 /* LocationManager */ = {
			isa = PBXGroup;
			children = (
			);
			path = LocationManager;
			sourceTree = "<group>";
		};
		CE7F4C6B28A64F78001EA9C6 /* Extensions */ = {
			isa = PBXGroup;
			children = (
				CE7F4C6C28A651CE001EA9C6 /* UIViewController+Extensions.swift */,
				CE7F4C6E28A6574E001EA9C6 /* UIApplication+Extensions.swift */,
				CE7F4C7028A676AB001EA9C6 /* UIView+Extensions.swift */,
			);
			path = Extensions;
			sourceTree = "<group>";
		};
/* End PBXGroup section */

/* Begin PBXNativeTarget section */
		CE30DB4728A10743007F4DC0 /* NearbyCafe */ = {
			isa = PBXNativeTarget;
			buildConfigurationList = CE30DB5C28A10746007F4DC0 /* Build configuration list for PBXNativeTarget "NearbyCafe" */;
			buildPhases = (
				230C1F691036261C00F350C9 /* [CP] Check Pods Manifest.lock */,
				CE30DB4428A10743007F4DC0 /* Sources */,
				CE30DB4528A10743007F4DC0 /* Frameworks */,
				CE30DB4628A10743007F4DC0 /* Resources */,
				F8A69391954F8F13C838E4DB /* [CP] Copy Pods Resources */,
			);
			buildRules = (
			);
			dependencies = (
			);
			name = NearbyCafe;
			productName = NearbyCafe;
			productReference = CE30DB4828A10743007F4DC0 /* NearbyCafe.app */;
			productType = "com.apple.product-type.application";
		};
/* End PBXNativeTarget section */

/* Begin PBXProject section */
		CE30DB4028A10743007F4DC0 /* Project object */ = {
			isa = PBXProject;
			attributes = {
				BuildIndependentTargetsInParallel = 1;
				LastSwiftUpdateCheck = 1340;
				LastUpgradeCheck = 1340;
				TargetAttributes = {
					CE30DB4728A10743007F4DC0 = {
						CreatedOnToolsVersion = 13.4.1;
					};
				};
			};
			buildConfigurationList = CE30DB4328A10743007F4DC0 /* Build configuration list for PBXProject "NearbyCafe" */;
			compatibilityVersion = "Xcode 13.0";
			developmentRegion = en;
			hasScannedForEncodings = 0;
			knownRegions = (
				en,
				Base,
			);
			mainGroup = CE30DB3F28A10743007F4DC0;
			productRefGroup = CE30DB4928A10743007F4DC0 /* Products */;
			projectDirPath = "";
			projectRoot = "";
			targets = (
				CE30DB4728A10743007F4DC0 /* NearbyCafe */,
			);
		};
/* End PBXProject section */

/* Begin PBXResourcesBuildPhase section */
		CE30DB4628A10743007F4DC0 /* Resources */ = {
			isa = PBXResourcesBuildPhase;
			buildActionMask = 2147483647;
			files = (
				CE30DB5828A10746007F4DC0 /* LaunchScreen.storyboard in Resources */,
				CE30DB6228A10A4D007F4DC0 /* MapViewController.xib in Resources */,
				CE30DB5528A10746007F4DC0 /* Assets.xcassets in Resources */,
			);
			runOnlyForDeploymentPostprocessing = 0;
		};
/* End PBXResourcesBuildPhase section */

/* Begin PBXShellScriptBuildPhase section */
		230C1F691036261C00F350C9 /* [CP] Check Pods Manifest.lock */ = {
			isa = PBXShellScriptBuildPhase;
			buildActionMask = 2147483647;
			files = (
			);
			inputFileListPaths = (
			);
			inputPaths = (
				"${PODS_PODFILE_DIR_PATH}/Podfile.lock",
				"${PODS_ROOT}/Manifest.lock",
			);
			name = "[CP] Check Pods Manifest.lock";
			outputFileListPaths = (
			);
			outputPaths = (
				"$(DERIVED_FILE_DIR)/Pods-NearbyCafe-checkManifestLockResult.txt",
			);
			runOnlyForDeploymentPostprocessing = 0;
			shellPath = /bin/sh;
			shellScript = "diff \"${PODS_PODFILE_DIR_PATH}/Podfile.lock\" \"${PODS_ROOT}/Manifest.lock\" > /dev/null\nif [ $? != 0 ] ; then\n    # print error to STDERR\n    echo \"error: The sandbox is not in sync with the Podfile.lock. Run 'pod install' or update your CocoaPods installation.\" >&2\n    exit 1\nfi\n# This output is used by Xcode 'outputs' to avoid re-running this script phase.\necho \"SUCCESS\" > \"${SCRIPT_OUTPUT_FILE_0}\"\n";
			showEnvVarsInLog = 0;
		};
		F8A69391954F8F13C838E4DB /* [CP] Copy Pods Resources */ = {
			isa = PBXShellScriptBuildPhase;
			buildActionMask = 2147483647;
			files = (
			);
			inputFileListPaths = (
				"${PODS_ROOT}/Target Support Files/Pods-NearbyCafe/Pods-NearbyCafe-resources-${CONFIGURATION}-input-files.xcfilelist",
			);
			name = "[CP] Copy Pods Resources";
			outputFileListPaths = (
				"${PODS_ROOT}/Target Support Files/Pods-NearbyCafe/Pods-NearbyCafe-resources-${CONFIGURATION}-output-files.xcfilelist",
			);
			runOnlyForDeploymentPostprocessing = 0;
			shellPath = /bin/sh;
			shellScript = "\"${PODS_ROOT}/Target Support Files/Pods-NearbyCafe/Pods-NearbyCafe-resources.sh\"\n";
			showEnvVarsInLog = 0;
		};
/* End PBXShellScriptBuildPhase section */

/* Begin PBXSourcesBuildPhase section */
		CE30DB4428A10743007F4DC0 /* Sources */ = {
			isa = PBXSourcesBuildPhase;
			buildActionMask = 2147483647;
			files = (
				CE7F4C6F28A6574E001EA9C6 /* UIApplication+Extensions.swift in Sources */,
				CE30DB4C28A10743007F4DC0 /* AppDelegate.swift in Sources */,
				CE30DB6128A10A4D007F4DC0 /* MapViewController.swift in Sources */,
				CE7F4C6D28A651CE001EA9C6 /* UIViewController+Extensions.swift in Sources */,
				CE3F868128A39BBE00F59D39 /* PlaceDetailsResponse.swift in Sources */,
				CE3F868428A3A2E800F59D39 /* NetworkError.swift in Sources */,
				CE5D7BF628A275A200F7CEE9 /* NetworkManager.swift in Sources */,
				CE30DB4E28A10743007F4DC0 /* SceneDelegate.swift in Sources */,
				CE7F4C6A28A645CD001EA9C6 /* APIKeys.swift in Sources */,
				CE5D7BF928A275D400F7CEE9 /* PlaceListResponse.swift in Sources */,
				CE7F4C7128A676AB001EA9C6 /* UIView+Extensions.swift in Sources */,
			);
			runOnlyForDeploymentPostprocessing = 0;
		};
/* End PBXSourcesBuildPhase section */

/* Begin PBXVariantGroup section */
		CE30DB5628A10746007F4DC0 /* LaunchScreen.storyboard */ = {
			isa = PBXVariantGroup;
			children = (
				CE30DB5728A10746007F4DC0 /* Base */,
			);
			name = LaunchScreen.storyboard;
			sourceTree = "<group>";
		};
/* End PBXVariantGroup section */

/* Begin XCBuildConfiguration section */
		CE30DB5A28A10746007F4DC0 /* Debug */ = {
			isa = XCBuildConfiguration;
			buildSettings = {
				ALWAYS_SEARCH_USER_PATHS = NO;
				CLANG_ANALYZER_NONNULL = YES;
				CLANG_ANALYZER_NUMBER_OBJECT_CONVERSION = YES_AGGRESSIVE;
				CLANG_CXX_LANGUAGE_STANDARD = "gnu++17";
				CLANG_ENABLE_MODULES = YES;
				CLANG_ENABLE_OBJC_ARC = YES;
				CLANG_ENABLE_OBJC_WEAK = YES;
				CLANG_WARN_BLOCK_CAPTURE_AUTORELEASING = YES;
				CLANG_WARN_BOOL_CONVERSION = YES;
				CLANG_WARN_COMMA = YES;
				CLANG_WARN_CONSTANT_CONVERSION = YES;
				CLANG_WARN_DEPRECATED_OBJC_IMPLEMENTATIONS = YES;
				CLANG_WARN_DIRECT_OBJC_ISA_USAGE = YES_ERROR;
				CLANG_WARN_DOCUMENTATION_COMMENTS = YES;
				CLANG_WARN_EMPTY_BODY = YES;
				CLANG_WARN_ENUM_CONVERSION = YES;
				CLANG_WARN_INFINITE_RECURSION = YES;
				CLANG_WARN_INT_CONVERSION = YES;
				CLANG_WARN_NON_LITERAL_NULL_CONVERSION = YES;
				CLANG_WARN_OBJC_IMPLICIT_RETAIN_SELF = YES;
				CLANG_WARN_OBJC_LITERAL_CONVERSION = YES;
				CLANG_WARN_OBJC_ROOT_CLASS = YES_ERROR;
				CLANG_WARN_QUOTED_INCLUDE_IN_FRAMEWORK_HEADER = YES;
				CLANG_WARN_RANGE_LOOP_ANALYSIS = YES;
				CLANG_WARN_STRICT_PROTOTYPES = YES;
				CLANG_WARN_SUSPICIOUS_MOVE = YES;
				CLANG_WARN_UNGUARDED_AVAILABILITY = YES_AGGRESSIVE;
				CLANG_WARN_UNREACHABLE_CODE = YES;
				CLANG_WARN__DUPLICATE_METHOD_MATCH = YES;
				COPY_PHASE_STRIP = NO;
				DEBUG_INFORMATION_FORMAT = dwarf;
				ENABLE_STRICT_OBJC_MSGSEND = YES;
				ENABLE_TESTABILITY = YES;
				GCC_C_LANGUAGE_STANDARD = gnu11;
				GCC_DYNAMIC_NO_PIC = NO;
				GCC_NO_COMMON_BLOCKS = YES;
				GCC_OPTIMIZATION_LEVEL = 0;
				GCC_PREPROCESSOR_DEFINITIONS = (
					"DEBUG=1",
					"$(inherited)",
				);
				GCC_WARN_64_TO_32_BIT_CONVERSION = YES;
				GCC_WARN_ABOUT_RETURN_TYPE = YES_ERROR;
				GCC_WARN_UNDECLARED_SELECTOR = YES;
				GCC_WARN_UNINITIALIZED_AUTOS = YES_AGGRESSIVE;
				GCC_WARN_UNUSED_FUNCTION = YES;
				GCC_WARN_UNUSED_VARIABLE = YES;
				IPHONEOS_DEPLOYMENT_TARGET = 14.0;
				MTL_ENABLE_DEBUG_INFO = INCLUDE_SOURCE;
				MTL_FAST_MATH = YES;
				ONLY_ACTIVE_ARCH = YES;
				SDKROOT = iphoneos;
				SWIFT_ACTIVE_COMPILATION_CONDITIONS = DEBUG;
				SWIFT_OPTIMIZATION_LEVEL = "-Onone";
			};
			name = Debug;
		};
		CE30DB5B28A10746007F4DC0 /* Release */ = {
			isa = XCBuildConfiguration;
			buildSettings = {
				ALWAYS_SEARCH_USER_PATHS = NO;
				CLANG_ANALYZER_NONNULL = YES;
				CLANG_ANALYZER_NUMBER_OBJECT_CONVERSION = YES_AGGRESSIVE;
				CLANG_CXX_LANGUAGE_STANDARD = "gnu++17";
				CLANG_ENABLE_MODULES = YES;
				CLANG_ENABLE_OBJC_ARC = YES;
				CLANG_ENABLE_OBJC_WEAK = YES;
				CLANG_WARN_BLOCK_CAPTURE_AUTORELEASING = YES;
				CLANG_WARN_BOOL_CONVERSION = YES;
				CLANG_WARN_COMMA = YES;
				CLANG_WARN_CONSTANT_CONVERSION = YES;
				CLANG_WARN_DEPRECATED_OBJC_IMPLEMENTATIONS = YES;
				CLANG_WARN_DIRECT_OBJC_ISA_USAGE = YES_ERROR;
				CLANG_WARN_DOCUMENTATION_COMMENTS = YES;
				CLANG_WARN_EMPTY_BODY = YES;
				CLANG_WARN_ENUM_CONVERSION = YES;
				CLANG_WARN_INFINITE_RECURSION = YES;
				CLANG_WARN_INT_CONVERSION = YES;
				CLANG_WARN_NON_LITERAL_NULL_CONVERSION = YES;
				CLANG_WARN_OBJC_IMPLICIT_RETAIN_SELF = YES;
				CLANG_WARN_OBJC_LITERAL_CONVERSION = YES;
				CLANG_WARN_OBJC_ROOT_CLASS = YES_ERROR;
				CLANG_WARN_QUOTED_INCLUDE_IN_FRAMEWORK_HEADER = YES;
				CLANG_WARN_RANGE_LOOP_ANALYSIS = YES;
				CLANG_WARN_STRICT_PROTOTYPES = YES;
				CLANG_WARN_SUSPICIOUS_MOVE = YES;
				CLANG_WARN_UNGUARDED_AVAILABILITY = YES_AGGRESSIVE;
				CLANG_WARN_UNREACHABLE_CODE = YES;
				CLANG_WARN__DUPLICATE_METHOD_MATCH = YES;
				COPY_PHASE_STRIP = NO;
				DEBUG_INFORMATION_FORMAT = "dwarf-with-dsym";
				ENABLE_NS_ASSERTIONS = NO;
				ENABLE_STRICT_OBJC_MSGSEND = YES;
				GCC_C_LANGUAGE_STANDARD = gnu11;
				GCC_NO_COMMON_BLOCKS = YES;
				GCC_WARN_64_TO_32_BIT_CONVERSION = YES;
				GCC_WARN_ABOUT_RETURN_TYPE = YES_ERROR;
				GCC_WARN_UNDECLARED_SELECTOR = YES;
				GCC_WARN_UNINITIALIZED_AUTOS = YES_AGGRESSIVE;
				GCC_WARN_UNUSED_FUNCTION = YES;
				GCC_WARN_UNUSED_VARIABLE = YES;
				IPHONEOS_DEPLOYMENT_TARGET = 14.0;
				MTL_ENABLE_DEBUG_INFO = NO;
				MTL_FAST_MATH = YES;
				SDKROOT = iphoneos;
				SWIFT_COMPILATION_MODE = wholemodule;
				SWIFT_OPTIMIZATION_LEVEL = "-O";
				VALIDATE_PRODUCT = YES;
			};
			name = Release;
		};
		CE30DB5D28A10746007F4DC0 /* Debug */ = {
			isa = XCBuildConfiguration;
			baseConfigurationReference = CD25C114E374F8913CFE7737 /* Pods-NearbyCafe.debug.xcconfig */;
			buildSettings = {
				ASSETCATALOG_COMPILER_APPICON_NAME = AppIcon;
				ASSETCATALOG_COMPILER_GLOBAL_ACCENT_COLOR_NAME = AccentColor;
				CODE_SIGN_STYLE = Automatic;
				CURRENT_PROJECT_VERSION = 1;
				DEVELOPMENT_TEAM = FC6QKWA93F;
				GENERATE_INFOPLIST_FILE = YES;
				INFOPLIST_FILE = NearbyCafe/Info.plist;
				INFOPLIST_KEY_UIApplicationSupportsIndirectInputEvents = YES;
				INFOPLIST_KEY_UILaunchStoryboardName = LaunchScreen;
				INFOPLIST_KEY_UISupportedInterfaceOrientations_iPad = "UIInterfaceOrientationPortrait UIInterfaceOrientationPortraitUpsideDown UIInterfaceOrientationLandscapeLeft UIInterfaceOrientationLandscapeRight";
				INFOPLIST_KEY_UISupportedInterfaceOrientations_iPhone = "UIInterfaceOrientationPortrait UIInterfaceOrientationLandscapeLeft UIInterfaceOrientationLandscapeRight";
				LD_RUNPATH_SEARCH_PATHS = (
					"$(inherited)",
					"@executable_path/Frameworks",
				);
				MARKETING_VERSION = 1.0;
				PRODUCT_BUNDLE_IDENTIFIER = me.swifter.NearbyCafe;
				PRODUCT_NAME = "$(TARGET_NAME)";
				SWIFT_EMIT_LOC_STRINGS = YES;
				SWIFT_VERSION = 5.0;
				TARGETED_DEVICE_FAMILY = "1,2";
			};
			name = Debug;
		};
		CE30DB5E28A10746007F4DC0 /* Release */ = {
			isa = XCBuildConfiguration;
			baseConfigurationReference = 6367C7993C93751E5F3B5890 /* Pods-NearbyCafe.release.xcconfig */;
			buildSettings = {
				ASSETCATALOG_COMPILER_APPICON_NAME = AppIcon;
				ASSETCATALOG_COMPILER_GLOBAL_ACCENT_COLOR_NAME = AccentColor;
				CODE_SIGN_STYLE = Automatic;
				CURRENT_PROJECT_VERSION = 1;
				DEVELOPMENT_TEAM = FC6QKWA93F;
				GENERATE_INFOPLIST_FILE = YES;
				INFOPLIST_FILE = NearbyCafe/Info.plist;
				INFOPLIST_KEY_UIApplicationSupportsIndirectInputEvents = YES;
				INFOPLIST_KEY_UILaunchStoryboardName = LaunchScreen;
				INFOPLIST_KEY_UISupportedInterfaceOrientations_iPad = "UIInterfaceOrientationPortrait UIInterfaceOrientationPortraitUpsideDown UIInterfaceOrientationLandscapeLeft UIInterfaceOrientationLandscapeRight";
				INFOPLIST_KEY_UISupportedInterfaceOrientations_iPhone = "UIInterfaceOrientationPortrait UIInterfaceOrientationLandscapeLeft UIInterfaceOrientationLandscapeRight";
				LD_RUNPATH_SEARCH_PATHS = (
					"$(inherited)",
					"@executable_path/Frameworks",
				);
				MARKETING_VERSION = 1.0;
				PRODUCT_BUNDLE_IDENTIFIER = me.swifter.NearbyCafe;
				PRODUCT_NAME = "$(TARGET_NAME)";
				SWIFT_EMIT_LOC_STRINGS = YES;
				SWIFT_VERSION = 5.0;
				TARGETED_DEVICE_FAMILY = "1,2";
			};
			name = Release;
		};
/* End XCBuildConfiguration section */

/* Begin XCConfigurationList section */
		CE30DB4328A10743007F4DC0 /* Build configuration list for PBXProject "NearbyCafe" */ = {
			isa = XCConfigurationList;
			buildConfigurations = (
				CE30DB5A28A10746007F4DC0 /* Debug */,
				CE30DB5B28A10746007F4DC0 /* Release */,
			);
			defaultConfigurationIsVisible = 0;
			defaultConfigurationName = Release;
		};
		CE30DB5C28A10746007F4DC0 /* Build configuration list for PBXNativeTarget "NearbyCafe" */ = {
			isa = XCConfigurationList;
			buildConfigurations = (
				CE30DB5D28A10746007F4DC0 /* Debug */,
				CE30DB5E28A10746007F4DC0 /* Release */,
			);
			defaultConfigurationIsVisible = 0;
			defaultConfigurationName = Release;
		};
/* End XCConfigurationList section */
	};
	rootObject = CE30DB4028A10743007F4DC0 /* Project object */;
}
